PODS:
  - URLNavigator (2.3.0)
  - URLNavigatorExt (1.0.2):
    - URLNavigator

DEPENDENCIES:
  - URLNavigatorExt (from `../`)

SPEC REPOS:
  trunk:
    - URLNavigator

EXTERNAL SOURCES:
  URLNavigatorExt:
    :path: "../"

SPEC CHECKSUMS:
  URLNavigator: 2593c0e2d293732ec5c44503cf54dceba1a68085
  URLNavigatorExt: 9bc9c2f6fa7e47fc35ae5be087dcd5c731f7cdcc

PODFILE CHECKSUM: c7aba8b84c89cc21a3dce775bc16ffbde59fba18

COCOAPODS: 1.10.1
