PODS:
  - URLNavigator (2.4.1)
  - URLNavigatorExt (2.2.0):
    - URLNavigator (~> 2.4.0)

DEPENDENCIES:
  - URLNavigatorExt (from `../`)

SPEC REPOS:
  trunk:
    - URLNavigator

EXTERNAL SOURCES:
  URLNavigatorExt:
    :path: "../"

SPEC CHECKSUMS:
  URLNavigator: 9e277a422a5c131a3e37970c2558e0e866cc22bd
  URLNavigatorExt: 7babc32b9bed83d3a2cf4f35d6d7ffc003616e1f

PODFILE CHECKSUM: c7aba8b84c89cc21a3dce775bc16ffbde59fba18

COCOAPODS: 1.11.3
