PODS:
  - URLNavigator (2.4.1)
  - URLNavigatorExt (2.1.0):
    - URLNavigator

DEPENDENCIES:
  - URLNavigatorExt (from `./`)

SPEC REPOS:
  trunk:
    - URLNavigator

EXTERNAL SOURCES:
  URLNavigatorExt:
    :path: "./"

SPEC CHECKSUMS:
  URLNavigator: 9e277a422a5c131a3e37970c2558e0e866cc22bd
  URLNavigatorExt: 712e3cb67383616b1f75d1e97a6cdbb0e40ba1ec

PODFILE CHECKSUM: a7c92b001813b6e4c1bcc26250e523759ee40a81

COCOAPODS: 1.11.3
