PODS:
  - URLNavigator (2.3.0)
  - URLNavigatorExt (2.1.0):
    - URLNavigator

DEPENDENCIES:
  - URLNavigatorExt (from `./`)

SPEC REPOS:
  trunk:
    - URLNavigator

EXTERNAL SOURCES:
  URLNavigatorExt:
    :path: "./"

SPEC CHECKSUMS:
  URLNavigator: 2593c0e2d293732ec5c44503cf54dceba1a68085
  URLNavigatorExt: fa315843d3498aa5955950a915aa2212c832bfc7

PODFILE CHECKSUM: a7c92b001813b6e4c1bcc26250e523759ee40a81

COCOAPODS: 1.11.3
